
Microsoft Visual Studio Solution File, Format Version 12.00
# Visual Studio 15
VisualStudioVersion = 15.0.28010.2046
MinimumVisualStudioVersion = 10.0.40219.1
Project("{FAE04EC0-301F-11D3-BF4B-00C04F79EFBC}") = "Lab2", "Lab2\Lab2.csproj", "{30F2ADC4-CA37-4DDA-B1A8-73FF61E43C30}"
EndProject
Global
	GlobalSection(SolutionConfigurationPlatforms) = preSolution
		Debug|Any CPU = Debug|Any CPU
		Release|Any CPU = Release|Any CPU
	EndGlobalSection
	GlobalSection(ProjectConfigurationPlatforms) = postSolution
		{30F2ADC4-CA37-4DDA-B1A8-73FF61E43C30}.Debug|Any CPU.ActiveCfg = Debug|Any CPU
		{30F2ADC4-CA37-4DDA-B1A8-73FF61E43C30}.Debug|Any CPU.Build.0 = Debug|Any CPU
		{30F2ADC4-CA37-4DDA-B1A8-73FF61E43C30}.Release|Any CPU.ActiveCfg = Release|Any CPU
		{30F2ADC4-CA37-4DDA-B1A8-73FF61E43C30}.Release|Any CPU.Build.0 = Release|Any CPU
	EndGlobalSection
	GlobalSection(SolutionProperties) = preSolution
		HideSolutionNode = FALSE
	EndGlobalSection
	GlobalSection(ExtensibilityGlobals) = postSolution
		SolutionGuid = {F5F2CC23-5D4F-4AA4-9C9B-6CC3C8AA2DA9}
	EndGlobalSection
EndGlobal
